// !$*UTF8*$!
{
	archiveVersion = 1;
	classes = {
	};
	objectVersion = 46;
	objects = {

/* Begin PBXBuildFile section */
		E90CD9EE1ABFF7BF0004C1DC /* SignInViewController.m in Sources */ = {isa = PBXBuildFile; fileRef = E90CD9ED1ABFF7BF0004C1DC /* SignInViewController.m */; };
		E90CD9F11ABFF9150004C1DC /* LogInViewController.m in Sources */ = {isa = PBXBuildFile; fileRef = E90CD9F01ABFF9150004C1DC /* LogInViewController.m */; };
		E90CD9F41ABFF9D80004C1DC /* SignUpViewController.m in Sources */ = {isa = PBXBuildFile; fileRef = E90CD9F31ABFF9D80004C1DC /* SignUpViewController.m */; };
		E94A4CCE1ABE0D8F00E928B6 /* main.m in Sources */ = {isa = PBXBuildFile; fileRef = E94A4CCD1ABE0D8F00E928B6 /* main.m */; };
		E94A4CD11ABE0D8F00E928B6 /* AppDelegate.m in Sources */ = {isa = PBXBuildFile; fileRef = E94A4CD01ABE0D8F00E928B6 /* AppDelegate.m */; };
		E94A4CDD1ABE0D8F00E928B6 /* Main.storyboard in Resources */ = {isa = PBXBuildFile; fileRef = E94A4CDB1ABE0D8F00E928B6 /* Main.storyboard */; };
		E94A4CDF1ABE0D8F00E928B6 /* Images.xcassets in Resources */ = {isa = PBXBuildFile; fileRef = E94A4CDE1ABE0D8F00E928B6 /* Images.xcassets */; };
		E94A4CE21ABE0D8F00E928B6 /* LaunchScreen.xib in Resources */ = {isa = PBXBuildFile; fileRef = E94A4CE01ABE0D8F00E928B6 /* LaunchScreen.xib */; };
		E94A4CEE1ABE0D8F00E928B6 /* HelpingHandTests.m in Sources */ = {isa = PBXBuildFile; fileRef = E94A4CED1ABE0D8F00E928B6 /* HelpingHandTests.m */; };
		E94A4CFE1ABE1DEA00E928B6 /* MainPageViewController.m in Sources */ = {isa = PBXBuildFile; fileRef = E94A4CFD1ABE1DEA00E928B6 /* MainPageViewController.m */; };
		E94A4EEA1ABE49B000E928B6 /* TODO in Resources */ = {isa = PBXBuildFile; fileRef = E94A4EE91ABE49B000E928B6 /* TODO */; };
		E9F6C7911ABE9D7E0020E174 /* FacebookSDK.framework in Frameworks */ = {isa = PBXBuildFile; fileRef = E9F6C78E1ABE9D7E0020E174 /* FacebookSDK.framework */; };
		E9F6C7921ABE9D7E0020E174 /* FBAudienceNetwork.framework in Frameworks */ = {isa = PBXBuildFile; fileRef = E9F6C78F1ABE9D7E0020E174 /* FBAudienceNetwork.framework */; };
		E9F6C7971ABEA5B20020E174 /* Parse.framework in Frameworks */ = {isa = PBXBuildFile; fileRef = E9F6C7931ABEA5B20020E174 /* Parse.framework */; };
		E9F6C7981ABEA5B20020E174 /* ParseCrashReporting.framework in Frameworks */ = {isa = PBXBuildFile; fileRef = E9F6C7941ABEA5B20020E174 /* ParseCrashReporting.framework */; };
		E9F6C7991ABEA5B20020E174 /* ParseFacebookUtils.framework in Frameworks */ = {isa = PBXBuildFile; fileRef = E9F6C7951ABEA5B20020E174 /* ParseFacebookUtils.framework */; };
		E9F6C79C1ABEA6330020E174 /* Accounts.framework in Frameworks */ = {isa = PBXBuildFile; fileRef = E9F6C79B1ABEA6330020E174 /* Accounts.framework */; };
		E9F6C79E1ABEA63C0020E174 /* AudioToolbox.framework in Frameworks */ = {isa = PBXBuildFile; fileRef = E9F6C79D1ABEA63C0020E174 /* AudioToolbox.framework */; };
		E9F6C7A01ABEA64A0020E174 /* CFNetwork.framework in Frameworks */ = {isa = PBXBuildFile; fileRef = E9F6C79F1ABEA64A0020E174 /* CFNetwork.framework */; };
		E9F6C7A21ABEA65A0020E174 /* CoreGraphics.framework in Frameworks */ = {isa = PBXBuildFile; fileRef = E9F6C7A11ABEA65A0020E174 /* CoreGraphics.framework */; };
		E9F6C7A41ABEA66A0020E174 /* CoreLocation.framework in Frameworks */ = {isa = PBXBuildFile; fileRef = E9F6C7A31ABEA66A0020E174 /* CoreLocation.framework */; };
		E9F6C7A61ABEA67F0020E174 /* MobileCoreServices.framework in Frameworks */ = {isa = PBXBuildFile; fileRef = E9F6C7A51ABEA67F0020E174 /* MobileCoreServices.framework */; };
		E9F6C7A81ABEA6870020E174 /* QuartzCore.framework in Frameworks */ = {isa = PBXBuildFile; fileRef = E9F6C7A71ABEA6870020E174 /* QuartzCore.framework */; };
		E9F6C7AA1ABEA6900020E174 /* Security.framework in Frameworks */ = {isa = PBXBuildFile; fileRef = E9F6C7A91ABEA6900020E174 /* Security.framework */; };
		E9F6C7AC1ABEA6980020E174 /* Social.framework in Frameworks */ = {isa = PBXBuildFile; fileRef = E9F6C7AB1ABEA6980020E174 /* Social.framework */; };
		E9F6C7AE1ABEA69F0020E174 /* StoreKit.framework in Frameworks */ = {isa = PBXBuildFile; fileRef = E9F6C7AD1ABEA69F0020E174 /* StoreKit.framework */; };
		E9F6C7B01ABEA6A80020E174 /* SystemConfiguration.framework in Frameworks */ = {isa = PBXBuildFile; fileRef = E9F6C7AF1ABEA6A80020E174 /* SystemConfiguration.framework */; };
		E9F6C7B21ABEA6B60020E174 /* libz.dylib in Frameworks */ = {isa = PBXBuildFile; fileRef = E9F6C7B11ABEA6B60020E174 /* libz.dylib */; };
		E9F6C7B41ABEA6BF0020E174 /* libsqlite3.dylib in Frameworks */ = {isa = PBXBuildFile; fileRef = E9F6C7B31ABEA6BF0020E174 /* libsqlite3.dylib */; };
		E9F6C7B61ABEA8200020E174 /* Bolts.framework in Frameworks */ = {isa = PBXBuildFile; fileRef = E9F6C7B51ABEA8200020E174 /* Bolts.framework */; };
/* End PBXBuildFile section */

/* Begin PBXContainerItemProxy section */
		E94A4CE81ABE0D8F00E928B6 /* PBXContainerItemProxy */ = {
			isa = PBXContainerItemProxy;
			containerPortal = E94A4CC01ABE0D8F00E928B6 /* Project object */;
			proxyType = 1;
			remoteGlobalIDString = E94A4CC71ABE0D8F00E928B6;
			remoteInfo = HelpingHand;
		};
/* End PBXContainerItemProxy section */

/* Begin PBXFileReference section */
		E90CD9EC1ABFF7BF0004C1DC /* SignInViewController.h */ = {isa = PBXFileReference; fileEncoding = 4; lastKnownFileType = sourcecode.c.h; path = SignInViewController.h; sourceTree = "<group>"; };
		E90CD9ED1ABFF7BF0004C1DC /* SignInViewController.m */ = {isa = PBXFileReference; fileEncoding = 4; lastKnownFileType = sourcecode.c.objc; path = SignInViewController.m; sourceTree = "<group>"; };
		E90CD9EF1ABFF9150004C1DC /* LogInViewController.h */ = {isa = PBXFileReference; fileEncoding = 4; lastKnownFileType = sourcecode.c.h; path = LogInViewController.h; sourceTree = "<group>"; };
		E90CD9F01ABFF9150004C1DC /* LogInViewController.m */ = {isa = PBXFileReference; fileEncoding = 4; lastKnownFileType = sourcecode.c.objc; path = LogInViewController.m; sourceTree = "<group>"; };
		E90CD9F21ABFF9D80004C1DC /* SignUpViewController.h */ = {isa = PBXFileReference; fileEncoding = 4; lastKnownFileType = sourcecode.c.h; path = SignUpViewController.h; sourceTree = "<group>"; };
		E90CD9F31ABFF9D80004C1DC /* SignUpViewController.m */ = {isa = PBXFileReference; fileEncoding = 4; lastKnownFileType = sourcecode.c.objc; path = SignUpViewController.m; sourceTree = "<group>"; };
		E94A4CC81ABE0D8F00E928B6 /* HelpingHand.app */ = {isa = PBXFileReference; explicitFileType = wrapper.application; includeInIndex = 0; path = HelpingHand.app; sourceTree = BUILT_PRODUCTS_DIR; };
		E94A4CCC1ABE0D8F00E928B6 /* Info.plist */ = {isa = PBXFileReference; lastKnownFileType = text.plist.xml; path = Info.plist; sourceTree = "<group>"; };
		E94A4CCD1ABE0D8F00E928B6 /* main.m */ = {isa = PBXFileReference; lastKnownFileType = sourcecode.c.objc; path = main.m; sourceTree = "<group>"; };
		E94A4CCF1ABE0D8F00E928B6 /* AppDelegate.h */ = {isa = PBXFileReference; lastKnownFileType = sourcecode.c.h; path = AppDelegate.h; sourceTree = "<group>"; };
		E94A4CD01ABE0D8F00E928B6 /* AppDelegate.m */ = {isa = PBXFileReference; lastKnownFileType = sourcecode.c.objc; path = AppDelegate.m; sourceTree = "<group>"; };
		E94A4CDC1ABE0D8F00E928B6 /* Base */ = {isa = PBXFileReference; lastKnownFileType = file.storyboard; name = Base; path = Base.lproj/Main.storyboard; sourceTree = "<group>"; };
		E94A4CDE1ABE0D8F00E928B6 /* Images.xcassets */ = {isa = PBXFileReference; lastKnownFileType = folder.assetcatalog; path = Images.xcassets; sourceTree = "<group>"; };
		E94A4CE11ABE0D8F00E928B6 /* Base */ = {isa = PBXFileReference; lastKnownFileType = file.xib; name = Base; path = Base.lproj/LaunchScreen.xib; sourceTree = "<group>"; };
		E94A4CE71ABE0D8F00E928B6 /* HelpingHandTests.xctest */ = {isa = PBXFileReference; explicitFileType = wrapper.cfbundle; includeInIndex = 0; path = HelpingHandTests.xctest; sourceTree = BUILT_PRODUCTS_DIR; };
		E94A4CEC1ABE0D8F00E928B6 /* Info.plist */ = {isa = PBXFileReference; lastKnownFileType = text.plist.xml; path = Info.plist; sourceTree = "<group>"; };
		E94A4CED1ABE0D8F00E928B6 /* HelpingHandTests.m */ = {isa = PBXFileReference; lastKnownFileType = sourcecode.c.objc; path = HelpingHandTests.m; sourceTree = "<group>"; };
		E94A4CFC1ABE1DEA00E928B6 /* MainPageViewController.h */ = {isa = PBXFileReference; fileEncoding = 4; lastKnownFileType = sourcecode.c.h; path = MainPageViewController.h; sourceTree = "<group>"; };
		E94A4CFD1ABE1DEA00E928B6 /* MainPageViewController.m */ = {isa = PBXFileReference; fileEncoding = 4; lastKnownFileType = sourcecode.c.objc; path = MainPageViewController.m; sourceTree = "<group>"; };
		E94A4EE91ABE49B000E928B6 /* TODO */ = {isa = PBXFileReference; fileEncoding = 4; lastKnownFileType = text; path = TODO; sourceTree = "<group>"; };
		E9F6C78E1ABE9D7E0020E174 /* FacebookSDK.framework */ = {isa = PBXFileReference; lastKnownFileType = wrapper.framework; path = FacebookSDK.framework; sourceTree = "<group>"; };
		E9F6C78F1ABE9D7E0020E174 /* FBAudienceNetwork.framework */ = {isa = PBXFileReference; lastKnownFileType = wrapper.framework; path = FBAudienceNetwork.framework; sourceTree = "<group>"; };
		E9F6C7931ABEA5B20020E174 /* Parse.framework */ = {isa = PBXFileReference; lastKnownFileType = wrapper.framework; path = Parse.framework; sourceTree = "<group>"; };
		E9F6C7941ABEA5B20020E174 /* ParseCrashReporting.framework */ = {isa = PBXFileReference; lastKnownFileType = wrapper.framework; path = ParseCrashReporting.framework; sourceTree = "<group>"; };
		E9F6C7951ABEA5B20020E174 /* ParseFacebookUtils.framework */ = {isa = PBXFileReference; lastKnownFileType = wrapper.framework; path = ParseFacebookUtils.framework; sourceTree = "<group>"; };
		E9F6C79B1ABEA6330020E174 /* Accounts.framework */ = {isa = PBXFileReference; lastKnownFileType = wrapper.framework; name = Accounts.framework; path = System/Library/Frameworks/Accounts.framework; sourceTree = SDKROOT; };
		E9F6C79D1ABEA63C0020E174 /* AudioToolbox.framework */ = {isa = PBXFileReference; lastKnownFileType = wrapper.framework; name = AudioToolbox.framework; path = System/Library/Frameworks/AudioToolbox.framework; sourceTree = SDKROOT; };
		E9F6C79F1ABEA64A0020E174 /* CFNetwork.framework */ = {isa = PBXFileReference; lastKnownFileType = wrapper.framework; name = CFNetwork.framework; path = System/Library/Frameworks/CFNetwork.framework; sourceTree = SDKROOT; };
		E9F6C7A11ABEA65A0020E174 /* CoreGraphics.framework */ = {isa = PBXFileReference; lastKnownFileType = wrapper.framework; name = CoreGraphics.framework; path = System/Library/Frameworks/CoreGraphics.framework; sourceTree = SDKROOT; };
		E9F6C7A31ABEA66A0020E174 /* CoreLocation.framework */ = {isa = PBXFileReference; lastKnownFileType = wrapper.framework; name = CoreLocation.framework; path = System/Library/Frameworks/CoreLocation.framework; sourceTree = SDKROOT; };
		E9F6C7A51ABEA67F0020E174 /* MobileCoreServices.framework */ = {isa = PBXFileReference; lastKnownFileType = wrapper.framework; name = MobileCoreServices.framework; path = System/Library/Frameworks/MobileCoreServices.framework; sourceTree = SDKROOT; };
		E9F6C7A71ABEA6870020E174 /* QuartzCore.framework */ = {isa = PBXFileReference; lastKnownFileType = wrapper.framework; name = QuartzCore.framework; path = System/Library/Frameworks/QuartzCore.framework; sourceTree = SDKROOT; };
		E9F6C7A91ABEA6900020E174 /* Security.framework */ = {isa = PBXFileReference; lastKnownFileType = wrapper.framework; name = Security.framework; path = System/Library/Frameworks/Security.framework; sourceTree = SDKROOT; };
		E9F6C7AB1ABEA6980020E174 /* Social.framework */ = {isa = PBXFileReference; lastKnownFileType = wrapper.framework; name = Social.framework; path = System/Library/Frameworks/Social.framework; sourceTree = SDKROOT; };
		E9F6C7AD1ABEA69F0020E174 /* StoreKit.framework */ = {isa = PBXFileReference; lastKnownFileType = wrapper.framework; name = StoreKit.framework; path = System/Library/Frameworks/StoreKit.framework; sourceTree = SDKROOT; };
		E9F6C7AF1ABEA6A80020E174 /* SystemConfiguration.framework */ = {isa = PBXFileReference; lastKnownFileType = wrapper.framework; name = SystemConfiguration.framework; path = System/Library/Frameworks/SystemConfiguration.framework; sourceTree = SDKROOT; };
		E9F6C7B11ABEA6B60020E174 /* libz.dylib */ = {isa = PBXFileReference; lastKnownFileType = "compiled.mach-o.dylib"; name = libz.dylib; path = usr/lib/libz.dylib; sourceTree = SDKROOT; };
		E9F6C7B31ABEA6BF0020E174 /* libsqlite3.dylib */ = {isa = PBXFileReference; lastKnownFileType = "compiled.mach-o.dylib"; name = libsqlite3.dylib; path = usr/lib/libsqlite3.dylib; sourceTree = SDKROOT; };
		E9F6C7B51ABEA8200020E174 /* Bolts.framework */ = {isa = PBXFileReference; lastKnownFileType = wrapper.framework; path = Bolts.framework; sourceTree = "<group>"; };
/* End PBXFileReference section */

/* Begin PBXFrameworksBuildPhase section */
		E94A4CC51ABE0D8F00E928B6 /* Frameworks */ = {
			isa = PBXFrameworksBuildPhase;
			buildActionMask = 2147483647;
			files = (
				E9F6C7B41ABEA6BF0020E174 /* libsqlite3.dylib in Frameworks */,
				E9F6C7B21ABEA6B60020E174 /* libz.dylib in Frameworks */,
				E9F6C7B01ABEA6A80020E174 /* SystemConfiguration.framework in Frameworks */,
				E9F6C7AE1ABEA69F0020E174 /* StoreKit.framework in Frameworks */,
				E9F6C7AC1ABEA6980020E174 /* Social.framework in Frameworks */,
				E9F6C7AA1ABEA6900020E174 /* Security.framework in Frameworks */,
				E9F6C7A81ABEA6870020E174 /* QuartzCore.framework in Frameworks */,
				E9F6C7A61ABEA67F0020E174 /* MobileCoreServices.framework in Frameworks */,
				E9F6C7A41ABEA66A0020E174 /* CoreLocation.framework in Frameworks */,
				E9F6C7A21ABEA65A0020E174 /* CoreGraphics.framework in Frameworks */,
				E9F6C7A01ABEA64A0020E174 /* CFNetwork.framework in Frameworks */,
				E9F6C79E1ABEA63C0020E174 /* AudioToolbox.framework in Frameworks */,
				E9F6C79C1ABEA6330020E174 /* Accounts.framework in Frameworks */,
				E9F6C7921ABE9D7E0020E174 /* FBAudienceNetwork.framework in Frameworks */,
				E9F6C7B61ABEA8200020E174 /* Bolts.framework in Frameworks */,
				E9F6C7971ABEA5B20020E174 /* Parse.framework in Frameworks */,
				E9F6C7911ABE9D7E0020E174 /* FacebookSDK.framework in Frameworks */,
				E9F6C7991ABEA5B20020E174 /* ParseFacebookUtils.framework in Frameworks */,
				E9F6C7981ABEA5B20020E174 /* ParseCrashReporting.framework in Frameworks */,
			);
			runOnlyForDeploymentPostprocessing = 0;
		};
		E94A4CE41ABE0D8F00E928B6 /* Frameworks */ = {
			isa = PBXFrameworksBuildPhase;
			buildActionMask = 2147483647;
			files = (
			);
			runOnlyForDeploymentPostprocessing = 0;
		};
/* End PBXFrameworksBuildPhase section */

/* Begin PBXGroup section */
		E94A4CBF1ABE0D8F00E928B6 = {
			isa = PBXGroup;
			children = (
				E94A4CCA1ABE0D8F00E928B6 /* HelpingHand */,
				E94A4CEA1ABE0D8F00E928B6 /* HelpingHandTests */,
				E94A4CC91ABE0D8F00E928B6 /* Products */,
				E9F6C78C1ABE9D240020E174 /* Frameworks */,
				E94A4EE91ABE49B000E928B6 /* TODO */,
			);
			sourceTree = "<group>";
		};
		E94A4CC91ABE0D8F00E928B6 /* Products */ = {
			isa = PBXGroup;
			children = (
				E94A4CC81ABE0D8F00E928B6 /* HelpingHand.app */,
				E94A4CE71ABE0D8F00E928B6 /* HelpingHandTests.xctest */,
			);
			name = Products;
			sourceTree = "<group>";
		};
		E94A4CCA1ABE0D8F00E928B6 /* HelpingHand */ = {
			isa = PBXGroup;
			children = (
				E94A4CF71ABE0DA400E928B6 /* App Delegate */,
				E94A4CF81ABE0DB600E928B6 /* Models */,
				E94A4CF91ABE0DC500E928B6 /* View Controllers */,
				E94A4CFA1ABE0DD800E928B6 /* Tools */,
				E94A4CCB1ABE0D8F00E928B6 /* Supporting Files */,
			);
			path = HelpingHand;
			sourceTree = "<group>";
		};
		E94A4CCB1ABE0D8F00E928B6 /* Supporting Files */ = {
			isa = PBXGroup;
			children = (
				E94A4CCC1ABE0D8F00E928B6 /* Info.plist */,
				E94A4CCD1ABE0D8F00E928B6 /* main.m */,
			);
			name = "Supporting Files";
			sourceTree = "<group>";
		};
		E94A4CEA1ABE0D8F00E928B6 /* HelpingHandTests */ = {
			isa = PBXGroup;
			children = (
				E94A4CED1ABE0D8F00E928B6 /* HelpingHandTests.m */,
				E94A4CEB1ABE0D8F00E928B6 /* Supporting Files */,
			);
			path = HelpingHandTests;
			sourceTree = "<group>";
		};
		E94A4CEB1ABE0D8F00E928B6 /* Supporting Files */ = {
			isa = PBXGroup;
			children = (
				E94A4CEC1ABE0D8F00E928B6 /* Info.plist */,
			);
			name = "Supporting Files";
			sourceTree = "<group>";
		};
		E94A4CF71ABE0DA400E928B6 /* App Delegate */ = {
			isa = PBXGroup;
			children = (
				E94A4CCF1ABE0D8F00E928B6 /* AppDelegate.h */,
				E94A4CD01ABE0D8F00E928B6 /* AppDelegate.m */,
			);
			name = "App Delegate";
			sourceTree = "<group>";
		};
		E94A4CF81ABE0DB600E928B6 /* Models */ = {
			isa = PBXGroup;
			children = (
			);
			name = Models;
			sourceTree = "<group>";
		};
		E94A4CF91ABE0DC500E928B6 /* View Controllers */ = {
			isa = PBXGroup;
			children = (
				E94A4CFC1ABE1DEA00E928B6 /* MainPageViewController.h */,
				E94A4CFD1ABE1DEA00E928B6 /* MainPageViewController.m */,
				E90CD9EC1ABFF7BF0004C1DC /* SignInViewController.h */,
				E90CD9ED1ABFF7BF0004C1DC /* SignInViewController.m */,
				E90CD9EF1ABFF9150004C1DC /* LogInViewController.h */,
				E90CD9F01ABFF9150004C1DC /* LogInViewController.m */,
				E90CD9F21ABFF9D80004C1DC /* SignUpViewController.h */,
				E90CD9F31ABFF9D80004C1DC /* SignUpViewController.m */,
			);
			name = "View Controllers";
			sourceTree = "<group>";
		};
		E94A4CFA1ABE0DD800E928B6 /* Tools */ = {
			isa = PBXGroup;
			children = (
				E94A4CDB1ABE0D8F00E928B6 /* Main.storyboard */,
				E94A4CDE1ABE0D8F00E928B6 /* Images.xcassets */,
				E94A4CE01ABE0D8F00E928B6 /* LaunchScreen.xib */,
			);
			name = Tools;
			sourceTree = "<group>";
		};
		E9F6C78C1ABE9D240020E174 /* Frameworks */ = {
			isa = PBXGroup;
			children = (
				E9F6C7B51ABEA8200020E174 /* Bolts.framework */,
				E9F6C7B31ABEA6BF0020E174 /* libsqlite3.dylib */,
				E9F6C7B11ABEA6B60020E174 /* libz.dylib */,
				E9F6C7AF1ABEA6A80020E174 /* SystemConfiguration.framework */,
				E9F6C7AD1ABEA69F0020E174 /* StoreKit.framework */,
				E9F6C7AB1ABEA6980020E174 /* Social.framework */,
				E9F6C7A91ABEA6900020E174 /* Security.framework */,
				E9F6C7A71ABEA6870020E174 /* QuartzCore.framework */,
				E9F6C7A51ABEA67F0020E174 /* MobileCoreServices.framework */,
				E9F6C7A31ABEA66A0020E174 /* CoreLocation.framework */,
				E9F6C7A11ABEA65A0020E174 /* CoreGraphics.framework */,
				E9F6C79F1ABEA64A0020E174 /* CFNetwork.framework */,
				E9F6C79D1ABEA63C0020E174 /* AudioToolbox.framework */,
				E9F6C79B1ABEA6330020E174 /* Accounts.framework */,
				E9F6C7931ABEA5B20020E174 /* Parse.framework */,
				E9F6C7941ABEA5B20020E174 /* ParseCrashReporting.framework */,
				E9F6C7951ABEA5B20020E174 /* ParseFacebookUtils.framework */,
				E9F6C78E1ABE9D7E0020E174 /* FacebookSDK.framework */,
				E9F6C78F1ABE9D7E0020E174 /* FBAudienceNetwork.framework */,
			);
			name = Frameworks;
			sourceTree = "<group>";
		};
/* End PBXGroup section */

/* Begin PBXNativeTarget section */
		E94A4CC71ABE0D8F00E928B6 /* HelpingHand */ = {
			isa = PBXNativeTarget;
			buildConfigurationList = E94A4CF11ABE0D8F00E928B6 /* Build configuration list for PBXNativeTarget "HelpingHand" */;
			buildPhases = (
				E94A4CC41ABE0D8F00E928B6 /* Sources */,
				E94A4CC51ABE0D8F00E928B6 /* Frameworks */,
				E94A4CC61ABE0D8F00E928B6 /* Resources */,
			);
			buildRules = (
			);
			dependencies = (
			);
			name = HelpingHand;
			productName = HelpingHand;
			productReference = E94A4CC81ABE0D8F00E928B6 /* HelpingHand.app */;
			productType = "com.apple.product-type.application";
		};
		E94A4CE61ABE0D8F00E928B6 /* HelpingHandTests */ = {
			isa = PBXNativeTarget;
			buildConfigurationList = E94A4CF41ABE0D8F00E928B6 /* Build configuration list for PBXNativeTarget "HelpingHandTests" */;
			buildPhases = (
				E94A4CE31ABE0D8F00E928B6 /* Sources */,
				E94A4CE41ABE0D8F00E928B6 /* Frameworks */,
				E94A4CE51ABE0D8F00E928B6 /* Resources */,
			);
			buildRules = (
			);
			dependencies = (
				E94A4CE91ABE0D8F00E928B6 /* PBXTargetDependency */,
			);
			name = HelpingHandTests;
			productName = HelpingHandTests;
			productReference = E94A4CE71ABE0D8F00E928B6 /* HelpingHandTests.xctest */;
			productType = "com.apple.product-type.bundle.unit-test";
		};
/* End PBXNativeTarget section */

/* Begin PBXProject section */
		E94A4CC01ABE0D8F00E928B6 /* Project object */ = {
			isa = PBXProject;
			attributes = {
				LastUpgradeCheck = 0620;
				ORGANIZATIONNAME = JennerFelton;
				TargetAttributes = {
					E94A4CC71ABE0D8F00E928B6 = {
						CreatedOnToolsVersion = 6.2;
					};
					E94A4CE61ABE0D8F00E928B6 = {
						CreatedOnToolsVersion = 6.2;
						TestTargetID = E94A4CC71ABE0D8F00E928B6;
					};
				};
			};
			buildConfigurationList = E94A4CC31ABE0D8F00E928B6 /* Build configuration list for PBXProject "HelpingHand" */;
			compatibilityVersion = "Xcode 3.2";
			developmentRegion = English;
			hasScannedForEncodings = 0;
			knownRegions = (
				en,
				Base,
			);
			mainGroup = E94A4CBF1ABE0D8F00E928B6;
			productRefGroup = E94A4CC91ABE0D8F00E928B6 /* Products */;
			projectDirPath = "";
			projectRoot = "";
			targets = (
				E94A4CC71ABE0D8F00E928B6 /* HelpingHand */,
				E94A4CE61ABE0D8F00E928B6 /* HelpingHandTests */,
			);
		};
/* End PBXProject section */

/* Begin PBXResourcesBuildPhase section */
		E94A4CC61ABE0D8F00E928B6 /* Resources */ = {
			isa = PBXResourcesBuildPhase;
			buildActionMask = 2147483647;
			files = (
				E94A4CDD1ABE0D8F00E928B6 /* Main.storyboard in Resources */,
				E94A4CE21ABE0D8F00E928B6 /* LaunchScreen.xib in Resources */,
				E94A4EEA1ABE49B000E928B6 /* TODO in Resources */,
				E94A4CDF1ABE0D8F00E928B6 /* Images.xcassets in Resources */,
			);
			runOnlyForDeploymentPostprocessing = 0;
		};
		E94A4CE51ABE0D8F00E928B6 /* Resources */ = {
			isa = PBXResourcesBuildPhase;
			buildActionMask = 2147483647;
			files = (
			);
			runOnlyForDeploymentPostprocessing = 0;
		};
/* End PBXResourcesBuildPhase section */

/* Begin PBXSourcesBuildPhase section */
		E94A4CC41ABE0D8F00E928B6 /* Sources */ = {
			isa = PBXSourcesBuildPhase;
			buildActionMask = 2147483647;
			files = (
				E90CD9EE1ABFF7BF0004C1DC /* SignInViewController.m in Sources */,
				E94A4CD11ABE0D8F00E928B6 /* AppDelegate.m in Sources */,
				E90CD9F41ABFF9D80004C1DC /* SignUpViewController.m in Sources */,
				E90CD9F11ABFF9150004C1DC /* LogInViewController.m in Sources */,
				E94A4CFE1ABE1DEA00E928B6 /* MainPageViewController.m in Sources */,
				E94A4CCE1ABE0D8F00E928B6 /* main.m in Sources */,
			);
			runOnlyForDeploymentPostprocessing = 0;
		};
		E94A4CE31ABE0D8F00E928B6 /* Sources */ = {
			isa = PBXSourcesBuildPhase;
			buildActionMask = 2147483647;
			files = (
				E94A4CEE1ABE0D8F00E928B6 /* HelpingHandTests.m in Sources */,
			);
			runOnlyForDeploymentPostprocessing = 0;
		};
/* End PBXSourcesBuildPhase section */

/* Begin PBXTargetDependency section */
		E94A4CE91ABE0D8F00E928B6 /* PBXTargetDependency */ = {
			isa = PBXTargetDependency;
			target = E94A4CC71ABE0D8F00E928B6 /* HelpingHand */;
			targetProxy = E94A4CE81ABE0D8F00E928B6 /* PBXContainerItemProxy */;
		};
/* End PBXTargetDependency section */

/* Begin PBXVariantGroup section */
		E94A4CDB1ABE0D8F00E928B6 /* Main.storyboard */ = {
			isa = PBXVariantGroup;
			children = (
				E94A4CDC1ABE0D8F00E928B6 /* Base */,
			);
			name = Main.storyboard;
			sourceTree = "<group>";
		};
		E94A4CE01ABE0D8F00E928B6 /* LaunchScreen.xib */ = {
			isa = PBXVariantGroup;
			children = (
				E94A4CE11ABE0D8F00E928B6 /* Base */,
			);
			name = LaunchScreen.xib;
			sourceTree = "<group>";
		};
/* End PBXVariantGroup section */

/* Begin XCBuildConfiguration section */
		E94A4CEF1ABE0D8F00E928B6 /* Debug */ = {
			isa = XCBuildConfiguration;
			buildSettings = {
				ALWAYS_SEARCH_USER_PATHS = NO;
				CLANG_CXX_LANGUAGE_STANDARD = "gnu++0x";
				CLANG_CXX_LIBRARY = "libc++";
				CLANG_ENABLE_MODULES = YES;
				CLANG_ENABLE_OBJC_ARC = YES;
				CLANG_WARN_BOOL_CONVERSION = YES;
				CLANG_WARN_CONSTANT_CONVERSION = YES;
				CLANG_WARN_DIRECT_OBJC_ISA_USAGE = YES_ERROR;
				CLANG_WARN_EMPTY_BODY = YES;
				CLANG_WARN_ENUM_CONVERSION = YES;
				CLANG_WARN_INT_CONVERSION = YES;
				CLANG_WARN_OBJC_ROOT_CLASS = YES_ERROR;
				CLANG_WARN_UNREACHABLE_CODE = YES;
				CLANG_WARN__DUPLICATE_METHOD_MATCH = YES;
				"CODE_SIGN_IDENTITY[sdk=iphoneos*]" = "iPhone Developer";
				COPY_PHASE_STRIP = NO;
				ENABLE_STRICT_OBJC_MSGSEND = YES;
				GCC_C_LANGUAGE_STANDARD = gnu99;
				GCC_DYNAMIC_NO_PIC = NO;
				GCC_OPTIMIZATION_LEVEL = 0;
				GCC_PREPROCESSOR_DEFINITIONS = (
					"DEBUG=1",
					"$(inherited)",
				);
				GCC_SYMBOLS_PRIVATE_EXTERN = NO;
				GCC_WARN_64_TO_32_BIT_CONVERSION = YES;
				GCC_WARN_ABOUT_RETURN_TYPE = YES_ERROR;
				GCC_WARN_UNDECLARED_SELECTOR = YES;
				GCC_WARN_UNINITIALIZED_AUTOS = YES_AGGRESSIVE;
				GCC_WARN_UNUSED_FUNCTION = YES;
				GCC_WARN_UNUSED_VARIABLE = YES;
				IPHONEOS_DEPLOYMENT_TARGET = 8.2;
				MTL_ENABLE_DEBUG_INFO = YES;
				ONLY_ACTIVE_ARCH = YES;
				SDKROOT = iphoneos;
				TARGETED_DEVICE_FAMILY = "1,2";
			};
			name = Debug;
		};
		E94A4CF01ABE0D8F00E928B6 /* Release */ = {
			isa = XCBuildConfiguration;
			buildSettings = {
				ALWAYS_SEARCH_USER_PATHS = NO;
				CLANG_CXX_LANGUAGE_STANDARD = "gnu++0x";
				CLANG_CXX_LIBRARY = "libc++";
				CLANG_ENABLE_MODULES = YES;
				CLANG_ENABLE_OBJC_ARC = YES;
				CLANG_WARN_BOOL_CONVERSION = YES;
				CLANG_WARN_CONSTANT_CONVERSION = YES;
				CLANG_WARN_DIRECT_OBJC_ISA_USAGE = YES_ERROR;
				CLANG_WARN_EMPTY_BODY = YES;
				CLANG_WARN_ENUM_CONVERSION = YES;
				CLANG_WARN_INT_CONVERSION = YES;
				CLANG_WARN_OBJC_ROOT_CLASS = YES_ERROR;
				CLANG_WARN_UNREACHABLE_CODE = YES;
				CLANG_WARN__DUPLICATE_METHOD_MATCH = YES;
				"CODE_SIGN_IDENTITY[sdk=iphoneos*]" = "iPhone Developer";
				COPY_PHASE_STRIP = NO;
				ENABLE_NS_ASSERTIONS = NO;
				ENABLE_STRICT_OBJC_MSGSEND = YES;
				GCC_C_LANGUAGE_STANDARD = gnu99;
				GCC_WARN_64_TO_32_BIT_CONVERSION = YES;
				GCC_WARN_ABOUT_RETURN_TYPE = YES_ERROR;
				GCC_WARN_UNDECLARED_SELECTOR = YES;
				GCC_WARN_UNINITIALIZED_AUTOS = YES_AGGRESSIVE;
				GCC_WARN_UNUSED_FUNCTION = YES;
				GCC_WARN_UNUSED_VARIABLE = YES;
				IPHONEOS_DEPLOYMENT_TARGET = 8.2;
				MTL_ENABLE_DEBUG_INFO = NO;
				SDKROOT = iphoneos;
				TARGETED_DEVICE_FAMILY = "1,2";
				VALIDATE_PRODUCT = YES;
			};
			name = Release;
		};
		E94A4CF21ABE0D8F00E928B6 /* Debug */ = {
			isa = XCBuildConfiguration;
			buildSettings = {
				ASSETCATALOG_COMPILER_APPICON_NAME = AppIcon;
				FRAMEWORK_SEARCH_PATHS = "$(PROJECT_DIR)";
				INFOPLIST_FILE = HelpingHand/Info.plist;
				LD_RUNPATH_SEARCH_PATHS = "$(inherited) $(PROJECT_DIR)/HelpingHand";
				PRODUCT_NAME = "$(TARGET_NAME)";
			};
			name = Debug;
		};
		E94A4CF31ABE0D8F00E928B6 /* Release */ = {
			isa = XCBuildConfiguration;
			buildSettings = {
				ASSETCATALOG_COMPILER_APPICON_NAME = AppIcon;
				FRAMEWORK_SEARCH_PATHS = "$(PROJECT_DIR)";
				INFOPLIST_FILE = HelpingHand/Info.plist;
				LD_RUNPATH_SEARCH_PATHS = "$(inherited) $(PROJECT_DIR)/HelpingHand";
				PRODUCT_NAME = "$(TARGET_NAME)";
			};
			name = Release;
		};
		E94A4CF51ABE0D8F00E928B6 /* Debug */ = {
			isa = XCBuildConfiguration;
			buildSettings = {
				BUNDLE_LOADER = "$(TEST_HOST)";
				FRAMEWORK_SEARCH_PATHS = (
					"$(SDKROOT)/Developer/Library/Frameworks",
					"$(inherited)",
				);
				GCC_PREPROCESSOR_DEFINITIONS = (
					"DEBUG=1",
					"$(inherited)",
				);
				INFOPLIST_FILE = HelpingHandTests/Info.plist;
				LD_RUNPATH_SEARCH_PATHS = "$(inherited) @executable_path/Frameworks @loader_path/Frameworks";
				PRODUCT_NAME = "$(TARGET_NAME)";
				TEST_HOST = "$(BUILT_PRODUCTS_DIR)/HelpingHand.app/HelpingHand";
			};
			name = Debug;
		};
		E94A4CF61ABE0D8F00E928B6 /* Release */ = {
			isa = XCBuildConfiguration;
			buildSettings = {
				BUNDLE_LOADER = "$(TEST_HOST)";
				FRAMEWORK_SEARCH_PATHS = (
					"$(SDKROOT)/Developer/Library/Frameworks",
					"$(inherited)",
				);
				INFOPLIST_FILE = HelpingHandTests/Info.plist;
				LD_RUNPATH_SEARCH_PATHS = "$(inherited) @executable_path/Frameworks @loader_path/Frameworks";
				PRODUCT_NAME = "$(TARGET_NAME)";
				TEST_HOST = "$(BUILT_PRODUCTS_DIR)/HelpingHand.app/HelpingHand";
			};
			name = Release;
		};
/* End XCBuildConfiguration section */

/* Begin XCConfigurationList section */
		E94A4CC31ABE0D8F00E928B6 /* Build configuration list for PBXProject "HelpingHand" */ = {
			isa = XCConfigurationList;
			buildConfigurations = (
				E94A4CEF1ABE0D8F00E928B6 /* Debug */,
				E94A4CF01ABE0D8F00E928B6 /* Release */,
			);
			defaultConfigurationIsVisible = 0;
			defaultConfigurationName = Release;
		};
		E94A4CF11ABE0D8F00E928B6 /* Build configuration list for PBXNativeTarget "HelpingHand" */ = {
			isa = XCConfigurationList;
			buildConfigurations = (
				E94A4CF21ABE0D8F00E928B6 /* Debug */,
				E94A4CF31ABE0D8F00E928B6 /* Release */,
			);
			defaultConfigurationIsVisible = 0;
			defaultConfigurationName = Release;
		};
		E94A4CF41ABE0D8F00E928B6 /* Build configuration list for PBXNativeTarget "HelpingHandTests" */ = {
			isa = XCConfigurationList;
			buildConfigurations = (
				E94A4CF51ABE0D8F00E928B6 /* Debug */,
				E94A4CF61ABE0D8F00E928B6 /* Release */,
			);
			defaultConfigurationIsVisible = 0;
			defaultConfigurationName = Release;
		};
/* End XCConfigurationList section */
	};
	rootObject = E94A4CC01ABE0D8F00E928B6 /* Project object */;
}
